{
  "lockfileVersion": 1,
  "configVersion": 1,
  "workspaces": {
    "": {
      "name": "modality-mcp-kit",
      "dependencies": {
        "@valibot/to-json-schema": "^1.5.0",
        "effect": "^3.19.14",
        "modality-kit": "^0.14.17",
        "sury": "^11.0.0-alpha.4",
        "xsschema": "0.3.5",
        "zod-to-json-schema": "^3.25.1",
      },
      "devDependencies": {
        "@types/bun": "^1.3.5",
        "typescript": "^5.9.3",
      },
      "peerDependencies": {
        "hono": "*",
        "zod": "^4.3.5",
      },
    },
  },
  "packages": {
    "@standard-schema/spec": ["@standard-schema/spec@1.1.0", "", {}, "sha512-l2aFy5jALhniG5HgqrD6jXLi/rUWrKvqN/qJx6yoJsgKhblVd+iqqU4RCXavm/jPityDo5TCvKMnpjKnOriy0w=="],

    "@types/bun": ["@types/bun@1.3.5", "", { "dependencies": { "bun-types": "1.3.5" } }, "sha512-RnygCqNrd3srIPEWBd5LFeUYG7plCoH2Yw9WaZGyNmdTEei+gWaHqydbaIRkIkcbXwhBT94q78QljxN0Sk838w=="],

    "@types/node": ["@types/node@25.0.3", "", { "dependencies": { "undici-types": "~7.16.0" } }, "sha512-W609buLVRVmeW693xKfzHeIV6nJGGz98uCPfeXI1ELMLXVeKYZ9m15fAMSaUPBHYLGFsVRcMmSCksQOrZV9BYA=="],

    "@valibot/to-json-schema": ["@valibot/to-json-schema@1.5.0", "", { "peerDependencies": { "valibot": "^1.2.0" } }, "sha512-GE7DmSr1C2UCWPiV0upRH6mv0cCPsqYGs819fb6srCS1tWhyXrkGGe+zxUiwzn/L1BOfADH4sNjY/YHCuP8phQ=="],

    "bun-types": ["bun-types@1.3.5", "", { "dependencies": { "@types/node": "*" } }, "sha512-inmAYe2PFLs0SUbFOWSVD24sg1jFlMPxOjOSSCYqUgn4Hsc3rDc7dFvfVYjFPNHtov6kgUeulV4SxbuIV/stPw=="],

    "effect": ["effect@3.19.14", "", { "dependencies": { "@standard-schema/spec": "^1.0.0", "fast-check": "^3.23.1" } }, "sha512-3vwdq0zlvQOxXzXNKRIPKTqZNMyGCdaFUBfMPqpsyzZDre67kgC1EEHDV4EoQTovJ4w5fmJW756f86kkuz7WFA=="],

    "fast-check": ["fast-check@3.23.2", "", { "dependencies": { "pure-rand": "^6.1.0" } }, "sha512-h5+1OzzfCC3Ef7VbtKdcv7zsstUQwUDlYpUTvjeUsJAssPgLn7QzbboPtL5ro04Mq0rPOsMzl7q5hIbRs2wD1A=="],

    "hono": ["hono@4.11.3", "", {}, "sha512-PmQi306+M/ct/m5s66Hrg+adPnkD5jiO6IjA7WhWw0gSBSo1EcRegwuI1deZ+wd5pzCGynCcn2DprnE4/yEV4w=="],

    "modality-kit": ["modality-kit@0.14.17", "", {}, "sha512-O65Ua2Geojjd7cBipaz15D04U8IefWgt04qBetyPOAD5A5+qt2FXpx8LpmwLQVeNBeaOTiqwKKScHFEXEH5olg=="],

    "pure-rand": ["pure-rand@6.1.0", "", {}, "sha512-bVWawvoZoBYpp6yIoQtQXHZjmz35RSVHnUOTefl8Vcjr8snTPY1wnpSPMWekcFwbxI6gtmT7rSYPFvz71ldiOA=="],

    "sury": ["sury@11.0.0-alpha.4", "", { "peerDependencies": { "rescript": "12.x" }, "optionalPeers": ["rescript"] }, "sha512-oeG/GJWZvQCKtGPpLbu0yCZudfr5LxycDo5kh7SJmKHDPCsEPJssIZL2Eb4Tl7g9aPEvIDuRrkS+L0pybsMEMA=="],

    "typescript": ["typescript@5.9.3", "", { "bin": { "tsc": "bin/tsc", "tsserver": "bin/tsserver" } }, "sha512-jl1vZzPDinLr9eUt3J/t7V6FgNEw9QjvBPdysz9KfQDD41fQrC2Y4vKQdiaUpFT4bXlb1RHhLpp8wtm6M5TgSw=="],

    "undici-types": ["undici-types@7.16.0", "", {}, "sha512-Zz+aZWSj8LE6zoxD+xrjh4VfkIG8Ya6LvYkZqtUQGJPZjYl53ypCaUwWqo7eI0x66KBGeRo+mlBEkMSeSZ38Nw=="],

    "valibot": ["valibot@1.2.0", "", { "peerDependencies": { "typescript": ">=5" }, "optionalPeers": ["typescript"] }, "sha512-mm1rxUsmOxzrwnX5arGS+U4T25RdvpPjPN4yR0u9pUBov9+zGVtO84tif1eY4r6zWxVxu3KzIyknJy3rxfRZZg=="],

    "xsschema": ["xsschema@0.3.5", "", { "peerDependencies": { "@valibot/to-json-schema": "^1.0.0", "arktype": "^2.1.20", "effect": "^3.16.0", "sury": "^10.0.0", "zod": "^3.25.0 || ^4.0.0", "zod-to-json-schema": "^3.24.5" }, "optionalPeers": ["@valibot/to-json-schema", "arktype", "effect", "sury", "zod", "zod-to-json-schema"] }, "sha512-f+dcy11dTv7aBEEfTbXWnrm/1b/Ds2k4taN0TpN6KCtPAD58kyE/R1znUdrHdBnhIFexj9k+pS1fm6FgtSISrQ=="],

    "zod": ["zod@4.3.5", "", {}, "sha512-k7Nwx6vuWx1IJ9Bjuf4Zt1PEllcwe7cls3VNzm4CQ1/hgtFUK2bRNG3rvnpPUhFjmqJKAKtjV576KnUkHocg/g=="],

    "zod-to-json-schema": ["zod-to-json-schema@3.25.1", "", { "peerDependencies": { "zod": "^3.25 || ^4" } }, "sha512-pM/SU9d3YAggzi6MtR4h7ruuQlqKtad8e9S0fmxcMi+ueAK5Korys/aWcV9LIIHTVbj01NdzxcnXSN+O74ZIVA=="],
  }
}
